// !$*UTF8*$!
{
	archiveVersion = 1;
	classes = {
	};
	objectVersion = 51;
	objects = {

/* Begin PBXBuildFile section */
		4A56C0AB1017EFE39804AF5E /* Pods_PASAN_PUNCHIHEWA_cobsccomp182p_033_PASAN_PUNCHIHEWA_cobsccomp182p_033UITests.framework in Frameworks */ = {isa = PBXBuildFile; fileRef = 7D00778A2A9B5DEDD76134E6 /* Pods_PASAN_PUNCHIHEWA_cobsccomp182p_033_PASAN_PUNCHIHEWA_cobsccomp182p_033UITests.framework */; };
		72C37EFD9E7CA5B496269115 /* Pods_PASAN_PUNCHIHEWA_cobsccomp182p_033Tests.framework in Frameworks */ = {isa = PBXBuildFile; fileRef = 62C3F8315AD2FDCF73A9215D /* Pods_PASAN_PUNCHIHEWA_cobsccomp182p_033Tests.framework */; };
		7F0D042D2406B45D008492CB /* Utilities.swift in Sources */ = {isa = PBXBuildFile; fileRef = 7F0D042C2406B45D008492CB /* Utilities.swift */; };
		7F32E26A2409161C00BC0080 /* National_Institute_of_Business_Management_Logo.png in Resources */ = {isa = PBXBuildFile; fileRef = 7F32E2692409161C00BC0080 /* National_Institute_of_Business_Management_Logo.png */; };
		7F32E26E24092DEF00BC0080 /* SigninViewController.swift in Sources */ = {isa = PBXBuildFile; fileRef = 7F32E26D24092DEF00BC0080 /* SigninViewController.swift */; };
		7F32E27024092ED500BC0080 /* SignupViewController.swift in Sources */ = {isa = PBXBuildFile; fileRef = 7F32E26F24092ED500BC0080 /* SignupViewController.swift */; };
		7F6F461123F7CCEB005D70F6 /* AppDelegate.swift in Sources */ = {isa = PBXBuildFile; fileRef = 7F6F461023F7CCEB005D70F6 /* AppDelegate.swift */; };
		7F6F461323F7CCEB005D70F6 /* ViewController.swift in Sources */ = {isa = PBXBuildFile; fileRef = 7F6F461223F7CCEB005D70F6 /* ViewController.swift */; };
		7F6F461623F7CCEB005D70F6 /* Main.storyboard in Resources */ = {isa = PBXBuildFile; fileRef = 7F6F461423F7CCEB005D70F6 /* Main.storyboard */; };
		7F6F461923F7CCEB005D70F6 /* PASAN_PUNCHIHEWA_cobsccomp182p_033.xcdatamodeld in Sources */ = {isa = PBXBuildFile; fileRef = 7F6F461723F7CCEB005D70F6 /* PASAN_PUNCHIHEWA_cobsccomp182p_033.xcdatamodeld */; };
		7F6F461B23F7CCED005D70F6 /* Assets.xcassets in Resources */ = {isa = PBXBuildFile; fileRef = 7F6F461A23F7CCED005D70F6 /* Assets.xcassets */; };
		7F6F461E23F7CCED005D70F6 /* LaunchScreen.storyboard in Resources */ = {isa = PBXBuildFile; fileRef = 7F6F461C23F7CCED005D70F6 /* LaunchScreen.storyboard */; };
		7F6F462923F7CCED005D70F6 /* PASAN_PUNCHIHEWA_cobsccomp182p_033Tests.swift in Sources */ = {isa = PBXBuildFile; fileRef = 7F6F462823F7CCED005D70F6 /* PASAN_PUNCHIHEWA_cobsccomp182p_033Tests.swift */; };
		7F6F463423F7CCEE005D70F6 /* PASAN_PUNCHIHEWA_cobsccomp182p_033UITests.swift in Sources */ = {isa = PBXBuildFile; fileRef = 7F6F463323F7CCEE005D70F6 /* PASAN_PUNCHIHEWA_cobsccomp182p_033UITests.swift */; };
		7F99C2FD2409530C002E7DB0 /* Constants.swift in Sources */ = {isa = PBXBuildFile; fileRef = 7F99C2FC2409530C002E7DB0 /* Constants.swift */; };
		7F99C30124097296002E7DB0 /* NIBM Promo Vid.mp4 in Resources */ = {isa = PBXBuildFile; fileRef = 7F99C30024097296002E7DB0 /* NIBM Promo Vid.mp4 */; };
		7FE0D8092409402200D538B7 /* GoogleService-Info.plist in Resources */ = {isa = PBXBuildFile; fileRef = 7FE0D8082409402200D538B7 /* GoogleService-Info.plist */; };
		7FED46E4240C0342004BAA66 /* EventViewController.swift in Sources */ = {isa = PBXBuildFile; fileRef = 7FED46E3240C0342004BAA66 /* EventViewController.swift */; };
		7FED46E6240C0617004BAA66 /* Nametags.swift in Sources */ = {isa = PBXBuildFile; fileRef = 7FED46E5240C0617004BAA66 /* Nametags.swift */; };
		7FED46E8240C11A1004BAA66 /* AddEventViewController.swift in Sources */ = {isa = PBXBuildFile; fileRef = 7FED46E7240C11A1004BAA66 /* AddEventViewController.swift */; };
		7FFC35EF24042314007D8BD7 /* HomeViewController.swift in Sources */ = {isa = PBXBuildFile; fileRef = 7FFC35EE24042314007D8BD7 /* HomeViewController.swift */; };
		CC539F7811961F242D5DFB50 /* Pods_PASAN_PUNCHIHEWA_cobsccomp182p_033.framework in Frameworks */ = {isa = PBXBuildFile; fileRef = A7C678E7EECB2D0F3B0D2CE0 /* Pods_PASAN_PUNCHIHEWA_cobsccomp182p_033.framework */; };
/* End PBXBuildFile section */

/* Begin PBXContainerItemProxy section */
		7F6F462523F7CCED005D70F6 /* PBXContainerItemProxy */ = {
			isa = PBXContainerItemProxy;
			containerPortal = 7F6F460523F7CCEA005D70F6 /* Project object */;
			proxyType = 1;
			remoteGlobalIDString = 7F6F460C23F7CCEA005D70F6;
			remoteInfo = "PASAN-PUNCHIHEWA-cobsccomp182p-033";
		};
		7F6F463023F7CCEE005D70F6 /* PBXContainerItemProxy */ = {
			isa = PBXContainerItemProxy;
			containerPortal = 7F6F460523F7CCEA005D70F6 /* Project object */;
			proxyType = 1;
			remoteGlobalIDString = 7F6F460C23F7CCEA005D70F6;
			remoteInfo = "PASAN-PUNCHIHEWA-cobsccomp182p-033";
		};
/* End PBXContainerItemProxy section */

/* Begin PBXFileReference section */
		30288792165900EC29A1E240 /* Pods-PASAN-PUNCHIHEWA-cobsccomp182p-033-PASAN-PUNCHIHEWA-cobsccomp182p-033UITests.release.xcconfig */ = {isa = PBXFileReference; includeInIndex = 1; lastKnownFileType = text.xcconfig; name = "Pods-PASAN-PUNCHIHEWA-cobsccomp182p-033-PASAN-PUNCHIHEWA-cobsccomp182p-033UITests.release.xcconfig"; path = "Target Support Files/Pods-PASAN-PUNCHIHEWA-cobsccomp182p-033-PASAN-PUNCHIHEWA-cobsccomp182p-033UITests/Pods-PASAN-PUNCHIHEWA-cobsccomp182p-033-PASAN-PUNCHIHEWA-cobsccomp182p-033UITests.release.xcconfig"; sourceTree = "<group>"; };
		36AFDE48CF35CFB22835B70E /* Pods-PASAN-PUNCHIHEWA-cobsccomp182p-033.debug.xcconfig */ = {isa = PBXFileReference; includeInIndex = 1; lastKnownFileType = text.xcconfig; name = "Pods-PASAN-PUNCHIHEWA-cobsccomp182p-033.debug.xcconfig"; path = "Target Support Files/Pods-PASAN-PUNCHIHEWA-cobsccomp182p-033/Pods-PASAN-PUNCHIHEWA-cobsccomp182p-033.debug.xcconfig"; sourceTree = "<group>"; };
		3B8A66A346DDF784D72E3170 /* Pods-PASAN-PUNCHIHEWA-cobsccomp182p-033.release.xcconfig */ = {isa = PBXFileReference; includeInIndex = 1; lastKnownFileType = text.xcconfig; name = "Pods-PASAN-PUNCHIHEWA-cobsccomp182p-033.release.xcconfig"; path = "Target Support Files/Pods-PASAN-PUNCHIHEWA-cobsccomp182p-033/Pods-PASAN-PUNCHIHEWA-cobsccomp182p-033.release.xcconfig"; sourceTree = "<group>"; };
		44CD0C3E5D369F2C068E7F59 /* Pods-PASAN-PUNCHIHEWA-cobsccomp182p-033-PASAN-PUNCHIHEWA-cobsccomp182p-033UITests.debug.xcconfig */ = {isa = PBXFileReference; includeInIndex = 1; lastKnownFileType = text.xcconfig; name = "Pods-PASAN-PUNCHIHEWA-cobsccomp182p-033-PASAN-PUNCHIHEWA-cobsccomp182p-033UITests.debug.xcconfig"; path = "Target Support Files/Pods-PASAN-PUNCHIHEWA-cobsccomp182p-033-PASAN-PUNCHIHEWA-cobsccomp182p-033UITests/Pods-PASAN-PUNCHIHEWA-cobsccomp182p-033-PASAN-PUNCHIHEWA-cobsccomp182p-033UITests.debug.xcconfig"; sourceTree = "<group>"; };
		62C3F8315AD2FDCF73A9215D /* Pods_PASAN_PUNCHIHEWA_cobsccomp182p_033Tests.framework */ = {isa = PBXFileReference; explicitFileType = wrapper.framework; includeInIndex = 0; path = Pods_PASAN_PUNCHIHEWA_cobsccomp182p_033Tests.framework; sourceTree = BUILT_PRODUCTS_DIR; };
		7D00778A2A9B5DEDD76134E6 /* Pods_PASAN_PUNCHIHEWA_cobsccomp182p_033_PASAN_PUNCHIHEWA_cobsccomp182p_033UITests.framework */ = {isa = PBXFileReference; explicitFileType = wrapper.framework; includeInIndex = 0; path = Pods_PASAN_PUNCHIHEWA_cobsccomp182p_033_PASAN_PUNCHIHEWA_cobsccomp182p_033UITests.framework; sourceTree = BUILT_PRODUCTS_DIR; };
		7F0D042C2406B45D008492CB /* Utilities.swift */ = {isa = PBXFileReference; lastKnownFileType = sourcecode.swift; path = Utilities.swift; sourceTree = "<group>"; };
		7F32E2692409161C00BC0080 /* National_Institute_of_Business_Management_Logo.png */ = {isa = PBXFileReference; lastKnownFileType = image.png; path = National_Institute_of_Business_Management_Logo.png; sourceTree = "<group>"; };
		7F32E26D24092DEF00BC0080 /* SigninViewController.swift */ = {isa = PBXFileReference; lastKnownFileType = sourcecode.swift; path = SigninViewController.swift; sourceTree = "<group>"; };
		7F32E26F24092ED500BC0080 /* SignupViewController.swift */ = {isa = PBXFileReference; lastKnownFileType = sourcecode.swift; path = SignupViewController.swift; sourceTree = "<group>"; };
		7F6F460D23F7CCEB005D70F6 /* PASAN-PUNCHIHEWA-cobsccomp182p-033.app */ = {isa = PBXFileReference; explicitFileType = wrapper.application; includeInIndex = 0; path = "PASAN-PUNCHIHEWA-cobsccomp182p-033.app"; sourceTree = BUILT_PRODUCTS_DIR; };
		7F6F461023F7CCEB005D70F6 /* AppDelegate.swift */ = {isa = PBXFileReference; lastKnownFileType = sourcecode.swift; path = AppDelegate.swift; sourceTree = "<group>"; };
		7F6F461223F7CCEB005D70F6 /* ViewController.swift */ = {isa = PBXFileReference; lastKnownFileType = sourcecode.swift; path = ViewController.swift; sourceTree = "<group>"; };
		7F6F461523F7CCEB005D70F6 /* Base */ = {isa = PBXFileReference; lastKnownFileType = file.storyboard; name = Base; path = Base.lproj/Main.storyboard; sourceTree = "<group>"; };
		7F6F461823F7CCEB005D70F6 /* PASAN_PUNCHIHEWA_cobsccomp182p_033.xcdatamodel */ = {isa = PBXFileReference; lastKnownFileType = wrapper.xcdatamodel; path = PASAN_PUNCHIHEWA_cobsccomp182p_033.xcdatamodel; sourceTree = "<group>"; };
		7F6F461A23F7CCED005D70F6 /* Assets.xcassets */ = {isa = PBXFileReference; lastKnownFileType = folder.assetcatalog; path = Assets.xcassets; sourceTree = "<group>"; };
		7F6F461D23F7CCED005D70F6 /* Base */ = {isa = PBXFileReference; lastKnownFileType = file.storyboard; name = Base; path = Base.lproj/LaunchScreen.storyboard; sourceTree = "<group>"; };
		7F6F461F23F7CCED005D70F6 /* Info.plist */ = {isa = PBXFileReference; lastKnownFileType = text.plist.xml; path = Info.plist; sourceTree = "<group>"; };
		7F6F462423F7CCED005D70F6 /* PASAN-PUNCHIHEWA-cobsccomp182p-033Tests.xctest */ = {isa = PBXFileReference; explicitFileType = wrapper.cfbundle; includeInIndex = 0; path = "PASAN-PUNCHIHEWA-cobsccomp182p-033Tests.xctest"; sourceTree = BUILT_PRODUCTS_DIR; };
		7F6F462823F7CCED005D70F6 /* PASAN_PUNCHIHEWA_cobsccomp182p_033Tests.swift */ = {isa = PBXFileReference; lastKnownFileType = sourcecode.swift; path = PASAN_PUNCHIHEWA_cobsccomp182p_033Tests.swift; sourceTree = "<group>"; };
		7F6F462A23F7CCED005D70F6 /* Info.plist */ = {isa = PBXFileReference; lastKnownFileType = text.plist.xml; path = Info.plist; sourceTree = "<group>"; };
		7F6F462F23F7CCEE005D70F6 /* PASAN-PUNCHIHEWA-cobsccomp182p-033UITests.xctest */ = {isa = PBXFileReference; explicitFileType = wrapper.cfbundle; includeInIndex = 0; path = "PASAN-PUNCHIHEWA-cobsccomp182p-033UITests.xctest"; sourceTree = BUILT_PRODUCTS_DIR; };
		7F6F463323F7CCEE005D70F6 /* PASAN_PUNCHIHEWA_cobsccomp182p_033UITests.swift */ = {isa = PBXFileReference; lastKnownFileType = sourcecode.swift; path = PASAN_PUNCHIHEWA_cobsccomp182p_033UITests.swift; sourceTree = "<group>"; };
		7F6F463523F7CCEE005D70F6 /* Info.plist */ = {isa = PBXFileReference; lastKnownFileType = text.plist.xml; path = Info.plist; sourceTree = "<group>"; };
		7F99C2FC2409530C002E7DB0 /* Constants.swift */ = {isa = PBXFileReference; lastKnownFileType = sourcecode.swift; path = Constants.swift; sourceTree = "<group>"; };
		7F99C30024097296002E7DB0 /* NIBM Promo Vid.mp4 */ = {isa = PBXFileReference; lastKnownFileType = file; path = "NIBM Promo Vid.mp4"; sourceTree = "<group>"; };
		7FE0D8082409402200D538B7 /* GoogleService-Info.plist */ = {isa = PBXFileReference; fileEncoding = 4; lastKnownFileType = text.plist.xml; path = "GoogleService-Info.plist"; sourceTree = "<group>"; };
		7FED46E3240C0342004BAA66 /* EventViewController.swift */ = {isa = PBXFileReference; lastKnownFileType = sourcecode.swift; path = EventViewController.swift; sourceTree = "<group>"; };
		7FED46E5240C0617004BAA66 /* Nametags.swift */ = {isa = PBXFileReference; lastKnownFileType = sourcecode.swift; path = Nametags.swift; sourceTree = "<group>"; };
		7FED46E7240C11A1004BAA66 /* AddEventViewController.swift */ = {isa = PBXFileReference; lastKnownFileType = sourcecode.swift; path = AddEventViewController.swift; sourceTree = "<group>"; };
		7FFC35EE24042314007D8BD7 /* HomeViewController.swift */ = {isa = PBXFileReference; lastKnownFileType = sourcecode.swift; path = HomeViewController.swift; sourceTree = "<group>"; };
		A7C678E7EECB2D0F3B0D2CE0 /* Pods_PASAN_PUNCHIHEWA_cobsccomp182p_033.framework */ = {isa = PBXFileReference; explicitFileType = wrapper.framework; includeInIndex = 0; path = Pods_PASAN_PUNCHIHEWA_cobsccomp182p_033.framework; sourceTree = BUILT_PRODUCTS_DIR; };
		AE19EA5BC0A23EA8A77ED727 /* Pods-PASAN-PUNCHIHEWA-cobsccomp182p-033Tests.debug.xcconfig */ = {isa = PBXFileReference; includeInIndex = 1; lastKnownFileType = text.xcconfig; name = "Pods-PASAN-PUNCHIHEWA-cobsccomp182p-033Tests.debug.xcconfig"; path = "Target Support Files/Pods-PASAN-PUNCHIHEWA-cobsccomp182p-033Tests/Pods-PASAN-PUNCHIHEWA-cobsccomp182p-033Tests.debug.xcconfig"; sourceTree = "<group>"; };
		F775162BF0A76BB3DEDA0259 /* Pods-PASAN-PUNCHIHEWA-cobsccomp182p-033Tests.release.xcconfig */ = {isa = PBXFileReference; includeInIndex = 1; lastKnownFileType = text.xcconfig; name = "Pods-PASAN-PUNCHIHEWA-cobsccomp182p-033Tests.release.xcconfig"; path = "Target Support Files/Pods-PASAN-PUNCHIHEWA-cobsccomp182p-033Tests/Pods-PASAN-PUNCHIHEWA-cobsccomp182p-033Tests.release.xcconfig"; sourceTree = "<group>"; };
/* End PBXFileReference section */

/* Begin PBXFrameworksBuildPhase section */
		7F6F460A23F7CCEA005D70F6 /* Frameworks */ = {
			isa = PBXFrameworksBuildPhase;
			buildActionMask = 2147483647;
			files = (
				CC539F7811961F242D5DFB50 /* Pods_PASAN_PUNCHIHEWA_cobsccomp182p_033.framework in Frameworks */,
			);
			runOnlyForDeploymentPostprocessing = 0;
		};
		7F6F462123F7CCED005D70F6 /* Frameworks */ = {
			isa = PBXFrameworksBuildPhase;
			buildActionMask = 2147483647;
			files = (
				72C37EFD9E7CA5B496269115 /* Pods_PASAN_PUNCHIHEWA_cobsccomp182p_033Tests.framework in Frameworks */,
			);
			runOnlyForDeploymentPostprocessing = 0;
		};
		7F6F462C23F7CCEE005D70F6 /* Frameworks */ = {
			isa = PBXFrameworksBuildPhase;
			buildActionMask = 2147483647;
			files = (
				4A56C0AB1017EFE39804AF5E /* Pods_PASAN_PUNCHIHEWA_cobsccomp182p_033_PASAN_PUNCHIHEWA_cobsccomp182p_033UITests.framework in Frameworks */,
			);
			runOnlyForDeploymentPostprocessing = 0;
		};
/* End PBXFrameworksBuildPhase section */

/* Begin PBXGroup section */
		4E52C708A6BE2D0D4CEEF92C /* Frameworks */ = {
			isa = PBXGroup;
			children = (
				A7C678E7EECB2D0F3B0D2CE0 /* Pods_PASAN_PUNCHIHEWA_cobsccomp182p_033.framework */,
				7D00778A2A9B5DEDD76134E6 /* Pods_PASAN_PUNCHIHEWA_cobsccomp182p_033_PASAN_PUNCHIHEWA_cobsccomp182p_033UITests.framework */,
				62C3F8315AD2FDCF73A9215D /* Pods_PASAN_PUNCHIHEWA_cobsccomp182p_033Tests.framework */,
			);
			name = Frameworks;
			sourceTree = "<group>";
		};
		75810B5A4FC213F12AE60879 /* Pods */ = {
			isa = PBXGroup;
			children = (
				36AFDE48CF35CFB22835B70E /* Pods-PASAN-PUNCHIHEWA-cobsccomp182p-033.debug.xcconfig */,
				3B8A66A346DDF784D72E3170 /* Pods-PASAN-PUNCHIHEWA-cobsccomp182p-033.release.xcconfig */,
				44CD0C3E5D369F2C068E7F59 /* Pods-PASAN-PUNCHIHEWA-cobsccomp182p-033-PASAN-PUNCHIHEWA-cobsccomp182p-033UITests.debug.xcconfig */,
				30288792165900EC29A1E240 /* Pods-PASAN-PUNCHIHEWA-cobsccomp182p-033-PASAN-PUNCHIHEWA-cobsccomp182p-033UITests.release.xcconfig */,
				AE19EA5BC0A23EA8A77ED727 /* Pods-PASAN-PUNCHIHEWA-cobsccomp182p-033Tests.debug.xcconfig */,
				F775162BF0A76BB3DEDA0259 /* Pods-PASAN-PUNCHIHEWA-cobsccomp182p-033Tests.release.xcconfig */,
			);
			path = Pods;
			sourceTree = "<group>";
		};
		7F0D042B2406B431008492CB /* Helpers */ = {
			isa = PBXGroup;
			children = (
				7F0D042C2406B45D008492CB /* Utilities.swift */,
				7F99C2FC2409530C002E7DB0 /* Constants.swift */,
				7FED46E5240C0617004BAA66 /* Nametags.swift */,
			);
			path = Helpers;
			sourceTree = "<group>";
		};
		7F32E268240915D200BC0080 /* Media */ = {
			isa = PBXGroup;
			children = (
				7F99C30024097296002E7DB0 /* NIBM Promo Vid.mp4 */,
				7F32E2692409161C00BC0080 /* National_Institute_of_Business_Management_Logo.png */,
			);
			path = Media;
			sourceTree = "<group>";
		};
		7F344267240433A800123D5B /* View Controllers */ = {
			isa = PBXGroup;
			children = (
				7F6F461223F7CCEB005D70F6 /* ViewController.swift */,
				7FFC35EE24042314007D8BD7 /* HomeViewController.swift */,
				7F32E26D24092DEF00BC0080 /* SigninViewController.swift */,
				7F32E26F24092ED500BC0080 /* SignupViewController.swift */,
				7FED46E3240C0342004BAA66 /* EventViewController.swift */,
				7FED46E7240C11A1004BAA66 /* AddEventViewController.swift */,
			);
			path = "View Controllers";
			sourceTree = "<group>";
		};
		7F6F460423F7CCEA005D70F6 = {
			isa = PBXGroup;
			children = (
				7F6F460F23F7CCEB005D70F6 /* PASAN-PUNCHIHEWA-cobsccomp182p-033 */,
				7F6F462723F7CCED005D70F6 /* PASAN-PUNCHIHEWA-cobsccomp182p-033Tests */,
				7F6F463223F7CCEE005D70F6 /* PASAN-PUNCHIHEWA-cobsccomp182p-033UITests */,
				7F6F460E23F7CCEB005D70F6 /* Products */,
				75810B5A4FC213F12AE60879 /* Pods */,
				4E52C708A6BE2D0D4CEEF92C /* Frameworks */,
			);
			sourceTree = "<group>";
		};
		7F6F460E23F7CCEB005D70F6 /* Products */ = {
			isa = PBXGroup;
			children = (
				7F6F460D23F7CCEB005D70F6 /* PASAN-PUNCHIHEWA-cobsccomp182p-033.app */,
				7F6F462423F7CCED005D70F6 /* PASAN-PUNCHIHEWA-cobsccomp182p-033Tests.xctest */,
				7F6F462F23F7CCEE005D70F6 /* PASAN-PUNCHIHEWA-cobsccomp182p-033UITests.xctest */,
			);
			name = Products;
			sourceTree = "<group>";
		};
		7F6F460F23F7CCEB005D70F6 /* PASAN-PUNCHIHEWA-cobsccomp182p-033 */ = {
			isa = PBXGroup;
			children = (
				7F32E268240915D200BC0080 /* Media */,
				7F0D042B2406B431008492CB /* Helpers */,
				7F6F461023F7CCEB005D70F6 /* AppDelegate.swift */,
				7F6F461423F7CCEB005D70F6 /* Main.storyboard */,
				7F344267240433A800123D5B /* View Controllers */,
				7F6F461A23F7CCED005D70F6 /* Assets.xcassets */,
				7F6F461C23F7CCED005D70F6 /* LaunchScreen.storyboard */,
				7FE0D8082409402200D538B7 /* GoogleService-Info.plist */,
				7F6F461F23F7CCED005D70F6 /* Info.plist */,
				7F6F461723F7CCEB005D70F6 /* PASAN_PUNCHIHEWA_cobsccomp182p_033.xcdatamodeld */,
			);
			path = "PASAN-PUNCHIHEWA-cobsccomp182p-033";
			sourceTree = "<group>";
		};
		7F6F462723F7CCED005D70F6 /* PASAN-PUNCHIHEWA-cobsccomp182p-033Tests */ = {
			isa = PBXGroup;
			children = (
				7F6F462823F7CCED005D70F6 /* PASAN_PUNCHIHEWA_cobsccomp182p_033Tests.swift */,
				7F6F462A23F7CCED005D70F6 /* Info.plist */,
			);
			path = "PASAN-PUNCHIHEWA-cobsccomp182p-033Tests";
			sourceTree = "<group>";
		};
		7F6F463223F7CCEE005D70F6 /* PASAN-PUNCHIHEWA-cobsccomp182p-033UITests */ = {
			isa = PBXGroup;
			children = (
				7F6F463323F7CCEE005D70F6 /* PASAN_PUNCHIHEWA_cobsccomp182p_033UITests.swift */,
				7F6F463523F7CCEE005D70F6 /* Info.plist */,
			);
			path = "PASAN-PUNCHIHEWA-cobsccomp182p-033UITests";
			sourceTree = "<group>";
		};
/* End PBXGroup section */

/* Begin PBXNativeTarget section */
		7F6F460C23F7CCEA005D70F6 /* PASAN-PUNCHIHEWA-cobsccomp182p-033 */ = {
			isa = PBXNativeTarget;
			buildConfigurationList = 7F6F463823F7CCEE005D70F6 /* Build configuration list for PBXNativeTarget "PASAN-PUNCHIHEWA-cobsccomp182p-033" */;
			buildPhases = (
				204A46CF738D0D9693D66B52 /* [CP] Check Pods Manifest.lock */,
				7F6F460923F7CCEA005D70F6 /* Sources */,
				7F6F460A23F7CCEA005D70F6 /* Frameworks */,
				7F6F460B23F7CCEA005D70F6 /* Resources */,
				1F5BB08B8EF31B3BE61DFB8E /* [CP] Embed Pods Frameworks */,
			);
			buildRules = (
			);
			dependencies = (
			);
			name = "PASAN-PUNCHIHEWA-cobsccomp182p-033";
			productName = "PASAN-PUNCHIHEWA-cobsccomp182p-033";
			productReference = 7F6F460D23F7CCEB005D70F6 /* PASAN-PUNCHIHEWA-cobsccomp182p-033.app */;
			productType = "com.apple.product-type.application";
		};
		7F6F462323F7CCED005D70F6 /* PASAN-PUNCHIHEWA-cobsccomp182p-033Tests */ = {
			isa = PBXNativeTarget;
			buildConfigurationList = 7F6F463B23F7CCEE005D70F6 /* Build configuration list for PBXNativeTarget "PASAN-PUNCHIHEWA-cobsccomp182p-033Tests" */;
			buildPhases = (
				029A0ADC0CBF14C143F820AC /* [CP] Check Pods Manifest.lock */,
				7F6F462023F7CCED005D70F6 /* Sources */,
				7F6F462123F7CCED005D70F6 /* Frameworks */,
				7F6F462223F7CCED005D70F6 /* Resources */,
			);
			buildRules = (
			);
			dependencies = (
				7F6F462623F7CCED005D70F6 /* PBXTargetDependency */,
			);
			name = "PASAN-PUNCHIHEWA-cobsccomp182p-033Tests";
			productName = "PASAN-PUNCHIHEWA-cobsccomp182p-033Tests";
			productReference = 7F6F462423F7CCED005D70F6 /* PASAN-PUNCHIHEWA-cobsccomp182p-033Tests.xctest */;
			productType = "com.apple.product-type.bundle.unit-test";
		};
		7F6F462E23F7CCEE005D70F6 /* PASAN-PUNCHIHEWA-cobsccomp182p-033UITests */ = {
			isa = PBXNativeTarget;
			buildConfigurationList = 7F6F463E23F7CCEE005D70F6 /* Build configuration list for PBXNativeTarget "PASAN-PUNCHIHEWA-cobsccomp182p-033UITests" */;
			buildPhases = (
				47F2C4CAF482C722463B2B48 /* [CP] Check Pods Manifest.lock */,
				7F6F462B23F7CCEE005D70F6 /* Sources */,
				7F6F462C23F7CCEE005D70F6 /* Frameworks */,
				7F6F462D23F7CCEE005D70F6 /* Resources */,
				6DC66FDE0FC07A39F3E1DD64 /* [CP] Embed Pods Frameworks */,
			);
			buildRules = (
			);
			dependencies = (
				7F6F463123F7CCEE005D70F6 /* PBXTargetDependency */,
			);
			name = "PASAN-PUNCHIHEWA-cobsccomp182p-033UITests";
			productName = "PASAN-PUNCHIHEWA-cobsccomp182p-033UITests";
			productReference = 7F6F462F23F7CCEE005D70F6 /* PASAN-PUNCHIHEWA-cobsccomp182p-033UITests.xctest */;
			productType = "com.apple.product-type.bundle.ui-testing";
		};
/* End PBXNativeTarget section */

/* Begin PBXProject section */
		7F6F460523F7CCEA005D70F6 /* Project object */ = {
			isa = PBXProject;
			attributes = {
				LastSwiftUpdateCheck = 1030;
				LastUpgradeCheck = 1030;
				ORGANIZATIONNAME = PASAN;
				TargetAttributes = {
					7F6F460C23F7CCEA005D70F6 = {
						CreatedOnToolsVersion = 10.3;
					};
					7F6F462323F7CCED005D70F6 = {
						CreatedOnToolsVersion = 10.3;
						TestTargetID = 7F6F460C23F7CCEA005D70F6;
					};
					7F6F462E23F7CCEE005D70F6 = {
						CreatedOnToolsVersion = 10.3;
						TestTargetID = 7F6F460C23F7CCEA005D70F6;
					};
				};
			};
			buildConfigurationList = 7F6F460823F7CCEA005D70F6 /* Build configuration list for PBXProject "PASAN-PUNCHIHEWA-cobsccomp182p-033" */;
			compatibilityVersion = "Xcode 9.3";
			developmentRegion = en;
			hasScannedForEncodings = 0;
			knownRegions = (
				en,
				Base,
			);
			mainGroup = 7F6F460423F7CCEA005D70F6;
			productRefGroup = 7F6F460E23F7CCEB005D70F6 /* Products */;
			projectDirPath = "";
			projectRoot = "";
			targets = (
				7F6F460C23F7CCEA005D70F6 /* PASAN-PUNCHIHEWA-cobsccomp182p-033 */,
				7F6F462323F7CCED005D70F6 /* PASAN-PUNCHIHEWA-cobsccomp182p-033Tests */,
				7F6F462E23F7CCEE005D70F6 /* PASAN-PUNCHIHEWA-cobsccomp182p-033UITests */,
			);
		};
/* End PBXProject section */

/* Begin PBXResourcesBuildPhase section */
		7F6F460B23F7CCEA005D70F6 /* Resources */ = {
			isa = PBXResourcesBuildPhase;
			buildActionMask = 2147483647;
			files = (
				7F6F461E23F7CCED005D70F6 /* LaunchScreen.storyboard in Resources */,
				7F99C30124097296002E7DB0 /* NIBM Promo Vid.mp4 in Resources */,
				7F6F461B23F7CCED005D70F6 /* Assets.xcassets in Resources */,
				7FE0D8092409402200D538B7 /* GoogleService-Info.plist in Resources */,
				7F32E26A2409161C00BC0080 /* National_Institute_of_Business_Management_Logo.png in Resources */,
				7F6F461623F7CCEB005D70F6 /* Main.storyboard in Resources */,
			);
			runOnlyForDeploymentPostprocessing = 0;
		};
		7F6F462223F7CCED005D70F6 /* Resources */ = {
			isa = PBXResourcesBuildPhase;
			buildActionMask = 2147483647;
			files = (
			);
			runOnlyForDeploymentPostprocessing = 0;
		};
		7F6F462D23F7CCEE005D70F6 /* Resources */ = {
			isa = PBXResourcesBuildPhase;
			buildActionMask = 2147483647;
			files = (
			);
			runOnlyForDeploymentPostprocessing = 0;
		};
/* End PBXResourcesBuildPhase section */

/* Begin PBXShellScriptBuildPhase section */
		029A0ADC0CBF14C143F820AC /* [CP] Check Pods Manifest.lock */ = {
			isa = PBXShellScriptBuildPhase;
			buildActionMask = 2147483647;
			files = (
			);
			inputFileListPaths = (
			);
			inputPaths = (
				"${PODS_PODFILE_DIR_PATH}/Podfile.lock",
				"${PODS_ROOT}/Manifest.lock",
			);
			name = "[CP] Check Pods Manifest.lock";
			outputFileListPaths = (
			);
			outputPaths = (
				"$(DERIVED_FILE_DIR)/Pods-PASAN-PUNCHIHEWA-cobsccomp182p-033Tests-checkManifestLockResult.txt",
			);
			runOnlyForDeploymentPostprocessing = 0;
			shellPath = /bin/sh;
			shellScript = "diff \"${PODS_PODFILE_DIR_PATH}/Podfile.lock\" \"${PODS_ROOT}/Manifest.lock\" > /dev/null\nif [ $? != 0 ] ; then\n    # print error to STDERR\n    echo \"error: The sandbox is not in sync with the Podfile.lock. Run 'pod install' or update your CocoaPods installation.\" >&2\n    exit 1\nfi\n# This output is used by Xcode 'outputs' to avoid re-running this script phase.\necho \"SUCCESS\" > \"${SCRIPT_OUTPUT_FILE_0}\"\n";
			showEnvVarsInLog = 0;
		};
		1F5BB08B8EF31B3BE61DFB8E /* [CP] Embed Pods Frameworks */ = {
			isa = PBXShellScriptBuildPhase;
			buildActionMask = 2147483647;
			files = (
			);
			inputFileListPaths = (
				"${PODS_ROOT}/Target Support Files/Pods-PASAN-PUNCHIHEWA-cobsccomp182p-033/Pods-PASAN-PUNCHIHEWA-cobsccomp182p-033-frameworks-${CONFIGURATION}-input-files.xcfilelist",
			);
			name = "[CP] Embed Pods Frameworks";
			outputFileListPaths = (
				"${PODS_ROOT}/Target Support Files/Pods-PASAN-PUNCHIHEWA-cobsccomp182p-033/Pods-PASAN-PUNCHIHEWA-cobsccomp182p-033-frameworks-${CONFIGURATION}-output-files.xcfilelist",
			);
			runOnlyForDeploymentPostprocessing = 0;
			shellPath = /bin/sh;
			shellScript = "\"${PODS_ROOT}/Target Support Files/Pods-PASAN-PUNCHIHEWA-cobsccomp182p-033/Pods-PASAN-PUNCHIHEWA-cobsccomp182p-033-frameworks.sh\"\n";
			showEnvVarsInLog = 0;
		};
		204A46CF738D0D9693D66B52 /* [CP] Check Pods Manifest.lock */ = {
			isa = PBXShellScriptBuildPhase;
			buildActionMask = 2147483647;
			files = (
			);
			inputFileListPaths = (
			);
			inputPaths = (
				"${PODS_PODFILE_DIR_PATH}/Podfile.lock",
				"${PODS_ROOT}/Manifest.lock",
			);
			name = "[CP] Check Pods Manifest.lock";
			outputFileListPaths = (
			);
			outputPaths = (
				"$(DERIVED_FILE_DIR)/Pods-PASAN-PUNCHIHEWA-cobsccomp182p-033-checkManifestLockResult.txt",
			);
			runOnlyForDeploymentPostprocessing = 0;
			shellPath = /bin/sh;
			shellScript = "diff \"${PODS_PODFILE_DIR_PATH}/Podfile.lock\" \"${PODS_ROOT}/Manifest.lock\" > /dev/null\nif [ $? != 0 ] ; then\n    # print error to STDERR\n    echo \"error: The sandbox is not in sync with the Podfile.lock. Run 'pod install' or update your CocoaPods installation.\" >&2\n    exit 1\nfi\n# This output is used by Xcode 'outputs' to avoid re-running this script phase.\necho \"SUCCESS\" > \"${SCRIPT_OUTPUT_FILE_0}\"\n";
			showEnvVarsInLog = 0;
		};
		47F2C4CAF482C722463B2B48 /* [CP] Check Pods Manifest.lock */ = {
			isa = PBXShellScriptBuildPhase;
			buildActionMask = 2147483647;
			files = (
			);
			inputFileListPaths = (
			);
			inputPaths = (
				"${PODS_PODFILE_DIR_PATH}/Podfile.lock",
				"${PODS_ROOT}/Manifest.lock",
			);
			name = "[CP] Check Pods Manifest.lock";
			outputFileListPaths = (
			);
			outputPaths = (
				"$(DERIVED_FILE_DIR)/Pods-PASAN-PUNCHIHEWA-cobsccomp182p-033-PASAN-PUNCHIHEWA-cobsccomp182p-033UITests-checkManifestLockResult.txt",
			);
			runOnlyForDeploymentPostprocessing = 0;
			shellPath = /bin/sh;
			shellScript = "diff \"${PODS_PODFILE_DIR_PATH}/Podfile.lock\" \"${PODS_ROOT}/Manifest.lock\" > /dev/null\nif [ $? != 0 ] ; then\n    # print error to STDERR\n    echo \"error: The sandbox is not in sync with the Podfile.lock. Run 'pod install' or update your CocoaPods installation.\" >&2\n    exit 1\nfi\n# This output is used by Xcode 'outputs' to avoid re-running this script phase.\necho \"SUCCESS\" > \"${SCRIPT_OUTPUT_FILE_0}\"\n";
			showEnvVarsInLog = 0;
		};
		6DC66FDE0FC07A39F3E1DD64 /* [CP] Embed Pods Frameworks */ = {
			isa = PBXShellScriptBuildPhase;
			buildActionMask = 2147483647;
			files = (
			);
			inputFileListPaths = (
				"${PODS_ROOT}/Target Support Files/Pods-PASAN-PUNCHIHEWA-cobsccomp182p-033-PASAN-PUNCHIHEWA-cobsccomp182p-033UITests/Pods-PASAN-PUNCHIHEWA-cobsccomp182p-033-PASAN-PUNCHIHEWA-cobsccomp182p-033UITests-frameworks-${CONFIGURATION}-input-files.xcfilelist",
			);
			name = "[CP] Embed Pods Frameworks";
			outputFileListPaths = (
				"${PODS_ROOT}/Target Support Files/Pods-PASAN-PUNCHIHEWA-cobsccomp182p-033-PASAN-PUNCHIHEWA-cobsccomp182p-033UITests/Pods-PASAN-PUNCHIHEWA-cobsccomp182p-033-PASAN-PUNCHIHEWA-cobsccomp182p-033UITests-frameworks-${CONFIGURATION}-output-files.xcfilelist",
			);
			runOnlyForDeploymentPostprocessing = 0;
			shellPath = /bin/sh;
			shellScript = "\"${PODS_ROOT}/Target Support Files/Pods-PASAN-PUNCHIHEWA-cobsccomp182p-033-PASAN-PUNCHIHEWA-cobsccomp182p-033UITests/Pods-PASAN-PUNCHIHEWA-cobsccomp182p-033-PASAN-PUNCHIHEWA-cobsccomp182p-033UITests-frameworks.sh\"\n";
			showEnvVarsInLog = 0;
		};
/* End PBXShellScriptBuildPhase section */

/* Begin PBXSourcesBuildPhase section */
		7F6F460923F7CCEA005D70F6 /* Sources */ = {
			isa = PBXSourcesBuildPhase;
			buildActionMask = 2147483647;
			files = (
				7F6F461323F7CCEB005D70F6 /* ViewController.swift in Sources */,
				7FED46E6240C0617004BAA66 /* Nametags.swift in Sources */,
				7F32E27024092ED500BC0080 /* SignupViewController.swift in Sources */,
				7F0D042D2406B45D008492CB /* Utilities.swift in Sources */,
				7F32E26E24092DEF00BC0080 /* SigninViewController.swift in Sources */,
				7F6F461923F7CCEB005D70F6 /* PASAN_PUNCHIHEWA_cobsccomp182p_033.xcdatamodeld in Sources */,
				7FED46E4240C0342004BAA66 /* EventViewController.swift in Sources */,
				7FED46E8240C11A1004BAA66 /* AddEventViewController.swift in Sources */,
				7F6F461123F7CCEB005D70F6 /* AppDelegate.swift in Sources */,
				7FFC35EF24042314007D8BD7 /* HomeViewController.swift in Sources */,
				7F99C2FD2409530C002E7DB0 /* Constants.swift in Sources */,
			);
			runOnlyForDeploymentPostprocessing = 0;
		};
		7F6F462023F7CCED005D70F6 /* Sources */ = {
			isa = PBXSourcesBuildPhase;
			buildActionMask = 2147483647;
			files = (
				7F6F462923F7CCED005D70F6 /* PASAN_PUNCHIHEWA_cobsccomp182p_033Tests.swift in Sources */,
			);
			runOnlyForDeploymentPostprocessing = 0;
		};
		7F6F462B23F7CCEE005D70F6 /* Sources */ = {
			isa = PBXSourcesBuildPhase;
			buildActionMask = 2147483647;
			files = (
				7F6F463423F7CCEE005D70F6 /* PASAN_PUNCHIHEWA_cobsccomp182p_033UITests.swift in Sources */,
			);
			runOnlyForDeploymentPostprocessing = 0;
		};
/* End PBXSourcesBuildPhase section */

/* Begin PBXTargetDependency section */
		7F6F462623F7CCED005D70F6 /* PBXTargetDependency */ = {
			isa = PBXTargetDependency;
			target = 7F6F460C23F7CCEA005D70F6 /* PASAN-PUNCHIHEWA-cobsccomp182p-033 */;
			targetProxy = 7F6F462523F7CCED005D70F6 /* PBXContainerItemProxy */;
		};
		7F6F463123F7CCEE005D70F6 /* PBXTargetDependency */ = {
			isa = PBXTargetDependency;
			target = 7F6F460C23F7CCEA005D70F6 /* PASAN-PUNCHIHEWA-cobsccomp182p-033 */;
			targetProxy = 7F6F463023F7CCEE005D70F6 /* PBXContainerItemProxy */;
		};
/* End PBXTargetDependency section */

/* Begin PBXVariantGroup section */
		7F6F461423F7CCEB005D70F6 /* Main.storyboard */ = {
			isa = PBXVariantGroup;
			children = (
				7F6F461523F7CCEB005D70F6 /* Base */,
			);
			name = Main.storyboard;
			sourceTree = "<group>";
		};
		7F6F461C23F7CCED005D70F6 /* LaunchScreen.storyboard */ = {
			isa = PBXVariantGroup;
			children = (
				7F6F461D23F7CCED005D70F6 /* Base */,
			);
			name = LaunchScreen.storyboard;
			sourceTree = "<group>";
		};
/* End PBXVariantGroup section */

/* Begin XCBuildConfiguration section */
		7F6F463623F7CCEE005D70F6 /* Debug */ = {
			isa = XCBuildConfiguration;
			buildSettings = {
				ALWAYS_SEARCH_USER_PATHS = NO;
				CLANG_ANALYZER_NONNULL = YES;
				CLANG_ANALYZER_NUMBER_OBJECT_CONVERSION = YES_AGGRESSIVE;
				CLANG_CXX_LANGUAGE_STANDARD = "gnu++14";
				CLANG_CXX_LIBRARY = "libc++";
				CLANG_ENABLE_MODULES = YES;
				CLANG_ENABLE_OBJC_ARC = YES;
				CLANG_ENABLE_OBJC_WEAK = YES;
				CLANG_WARN_BLOCK_CAPTURE_AUTORELEASING = YES;
				CLANG_WARN_BOOL_CONVERSION = YES;
				CLANG_WARN_COMMA = YES;
				CLANG_WARN_CONSTANT_CONVERSION = YES;
				CLANG_WARN_DEPRECATED_OBJC_IMPLEMENTATIONS = YES;
				CLANG_WARN_DIRECT_OBJC_ISA_USAGE = YES_ERROR;
				CLANG_WARN_DOCUMENTATION_COMMENTS = YES;
				CLANG_WARN_EMPTY_BODY = YES;
				CLANG_WARN_ENUM_CONVERSION = YES;
				CLANG_WARN_INFINITE_RECURSION = YES;
				CLANG_WARN_INT_CONVERSION = YES;
				CLANG_WARN_NON_LITERAL_NULL_CONVERSION = YES;
				CLANG_WARN_OBJC_IMPLICIT_RETAIN_SELF = YES;
				CLANG_WARN_OBJC_LITERAL_CONVERSION = YES;
				CLANG_WARN_OBJC_ROOT_CLASS = YES_ERROR;
				CLANG_WARN_RANGE_LOOP_ANALYSIS = YES;
				CLANG_WARN_STRICT_PROTOTYPES = YES;
				CLANG_WARN_SUSPICIOUS_MOVE = YES;
				CLANG_WARN_UNGUARDED_AVAILABILITY = YES_AGGRESSIVE;
				CLANG_WARN_UNREACHABLE_CODE = YES;
				CLANG_WARN__DUPLICATE_METHOD_MATCH = YES;
				CODE_SIGN_IDENTITY = "iPhone Developer";
				COPY_PHASE_STRIP = NO;
				DEBUG_INFORMATION_FORMAT = dwarf;
				ENABLE_STRICT_OBJC_MSGSEND = YES;
				ENABLE_TESTABILITY = YES;
				GCC_C_LANGUAGE_STANDARD = gnu11;
				GCC_DYNAMIC_NO_PIC = NO;
				GCC_NO_COMMON_BLOCKS = YES;
				GCC_OPTIMIZATION_LEVEL = 0;
				GCC_PREPROCESSOR_DEFINITIONS = (
					"DEBUG=1",
					"$(inherited)",
				);
				GCC_WARN_64_TO_32_BIT_CONVERSION = YES;
				GCC_WARN_ABOUT_RETURN_TYPE = YES_ERROR;
				GCC_WARN_UNDECLARED_SELECTOR = YES;
				GCC_WARN_UNINITIALIZED_AUTOS = YES_AGGRESSIVE;
				GCC_WARN_UNUSED_FUNCTION = YES;
				GCC_WARN_UNUSED_VARIABLE = YES;
				IPHONEOS_DEPLOYMENT_TARGET = 12.4;
				MTL_ENABLE_DEBUG_INFO = INCLUDE_SOURCE;
				MTL_FAST_MATH = YES;
				ONLY_ACTIVE_ARCH = YES;
				SDKROOT = iphoneos;
				SWIFT_ACTIVE_COMPILATION_CONDITIONS = DEBUG;
				SWIFT_OPTIMIZATION_LEVEL = "-Onone";
			};
			name = Debug;
		};
		7F6F463723F7CCEE005D70F6 /* Release */ = {
			isa = XCBuildConfiguration;
			buildSettings = {
				ALWAYS_SEARCH_USER_PATHS = NO;
				CLANG_ANALYZER_NONNULL = YES;
				CLANG_ANALYZER_NUMBER_OBJECT_CONVERSION = YES_AGGRESSIVE;
				CLANG_CXX_LANGUAGE_STANDARD = "gnu++14";
				CLANG_CXX_LIBRARY = "libc++";
				CLANG_ENABLE_MODULES = YES;
				CLANG_ENABLE_OBJC_ARC = YES;
				CLANG_ENABLE_OBJC_WEAK = YES;
				CLANG_WARN_BLOCK_CAPTURE_AUTORELEASING = YES;
				CLANG_WARN_BOOL_CONVERSION = YES;
				CLANG_WARN_COMMA = YES;
				CLANG_WARN_CONSTANT_CONVERSION = YES;
				CLANG_WARN_DEPRECATED_OBJC_IMPLEMENTATIONS = YES;
				CLANG_WARN_DIRECT_OBJC_ISA_USAGE = YES_ERROR;
				CLANG_WARN_DOCUMENTATION_COMMENTS = YES;
				CLANG_WARN_EMPTY_BODY = YES;
				CLANG_WARN_ENUM_CONVERSION = YES;
				CLANG_WARN_INFINITE_RECURSION = YES;
				CLANG_WARN_INT_CONVERSION = YES;
				CLANG_WARN_NON_LITERAL_NULL_CONVERSION = YES;
				CLANG_WARN_OBJC_IMPLICIT_RETAIN_SELF = YES;
				CLANG_WARN_OBJC_LITERAL_CONVERSION = YES;
				CLANG_WARN_OBJC_ROOT_CLASS = YES_ERROR;
				CLANG_WARN_RANGE_LOOP_ANALYSIS = YES;
				CLANG_WARN_STRICT_PROTOTYPES = YES;
				CLANG_WARN_SUSPICIOUS_MOVE = YES;
				CLANG_WARN_UNGUARDED_AVAILABILITY = YES_AGGRESSIVE;
				CLANG_WARN_UNREACHABLE_CODE = YES;
				CLANG_WARN__DUPLICATE_METHOD_MATCH = YES;
				CODE_SIGN_IDENTITY = "iPhone Developer";
				COPY_PHASE_STRIP = NO;
				DEBUG_INFORMATION_FORMAT = "dwarf-with-dsym";
				ENABLE_NS_ASSERTIONS = NO;
				ENABLE_STRICT_OBJC_MSGSEND = YES;
				GCC_C_LANGUAGE_STANDARD = gnu11;
				GCC_NO_COMMON_BLOCKS = YES;
				GCC_WARN_64_TO_32_BIT_CONVERSION = YES;
				GCC_WARN_ABOUT_RETURN_TYPE = YES_ERROR;
				GCC_WARN_UNDECLARED_SELECTOR = YES;
				GCC_WARN_UNINITIALIZED_AUTOS = YES_AGGRESSIVE;
				GCC_WARN_UNUSED_FUNCTION = YES;
				GCC_WARN_UNUSED_VARIABLE = YES;
				IPHONEOS_DEPLOYMENT_TARGET = 12.4;
				MTL_ENABLE_DEBUG_INFO = NO;
				MTL_FAST_MATH = YES;
				SDKROOT = iphoneos;
				SWIFT_COMPILATION_MODE = wholemodule;
				SWIFT_OPTIMIZATION_LEVEL = "-O";
				VALIDATE_PRODUCT = YES;
			};
			name = Release;
		};
		7F6F463923F7CCEE005D70F6 /* Debug */ = {
			isa = XCBuildConfiguration;
			baseConfigurationReference = 36AFDE48CF35CFB22835B70E /* Pods-PASAN-PUNCHIHEWA-cobsccomp182p-033.debug.xcconfig */;
			buildSettings = {
				ASSETCATALOG_COMPILER_APPICON_NAME = AppIcon;
				CODE_SIGN_STYLE = Automatic;
				INFOPLIST_FILE = "PASAN-PUNCHIHEWA-cobsccomp182p-033/Info.plist";
				LD_RUNPATH_SEARCH_PATHS = (
					"$(inherited)",
					"@executable_path/Frameworks",
				);
				PRODUCT_BUNDLE_IDENTIFIER = "com.pasan.PASAN-PUNCHIHEWA-cobsccomp182p-033";
				PRODUCT_NAME = "$(TARGET_NAME)";
				SWIFT_VERSION = 5.0;
				TARGETED_DEVICE_FAMILY = "1,2";
			};
			name = Debug;
		};
		7F6F463A23F7CCEE005D70F6 /* Release */ = {
			isa = XCBuildConfiguration;
			baseConfigurationReference = 3B8A66A346DDF784D72E3170 /* Pods-PASAN-PUNCHIHEWA-cobsccomp182p-033.release.xcconfig */;
			buildSettings = {
				ASSETCATALOG_COMPILER_APPICON_NAME = AppIcon;
				CODE_SIGN_STYLE = Automatic;
				INFOPLIST_FILE = "PASAN-PUNCHIHEWA-cobsccomp182p-033/Info.plist";
				LD_RUNPATH_SEARCH_PATHS = (
					"$(inherited)",
					"@executable_path/Frameworks",
				);
				PRODUCT_BUNDLE_IDENTIFIER = "com.pasan.PASAN-PUNCHIHEWA-cobsccomp182p-033";
				PRODUCT_NAME = "$(TARGET_NAME)";
				SWIFT_VERSION = 5.0;
				TARGETED_DEVICE_FAMILY = "1,2";
			};
			name = Release;
		};
		7F6F463C23F7CCEE005D70F6 /* Debug */ = {
			isa = XCBuildConfiguration;
			baseConfigurationReference = AE19EA5BC0A23EA8A77ED727 /* Pods-PASAN-PUNCHIHEWA-cobsccomp182p-033Tests.debug.xcconfig */;
			buildSettings = {
				ALWAYS_EMBED_SWIFT_STANDARD_LIBRARIES = YES;
				BUNDLE_LOADER = "$(TEST_HOST)";
				CODE_SIGN_STYLE = Automatic;
				INFOPLIST_FILE = "PASAN-PUNCHIHEWA-cobsccomp182p-033Tests/Info.plist";
				LD_RUNPATH_SEARCH_PATHS = (
					"$(inherited)",
					"@executable_path/Frameworks",
					"@loader_path/Frameworks",
				);
				PRODUCT_BUNDLE_IDENTIFIER = "com.pasan.PASAN-PUNCHIHEWA-cobsccomp182p-033Tests";
				PRODUCT_NAME = "$(TARGET_NAME)";
				SWIFT_VERSION = 5.0;
				TARGETED_DEVICE_FAMILY = "1,2";
				TEST_HOST = "$(BUILT_PRODUCTS_DIR)/PASAN-PUNCHIHEWA-cobsccomp182p-033.app/PASAN-PUNCHIHEWA-cobsccomp182p-033";
			};
			name = Debug;
		};
		7F6F463D23F7CCEE005D70F6 /* Release */ = {
			isa = XCBuildConfiguration;
			baseConfigurationReference = F775162BF0A76BB3DEDA0259 /* Pods-PASAN-PUNCHIHEWA-cobsccomp182p-033Tests.release.xcconfig */;
			buildSettings = {
				ALWAYS_EMBED_SWIFT_STANDARD_LIBRARIES = YES;
				BUNDLE_LOADER = "$(TEST_HOST)";
				CODE_SIGN_STYLE = Automatic;
				INFOPLIST_FILE = "PASAN-PUNCHIHEWA-cobsccomp182p-033Tests/Info.plist";
				LD_RUNPATH_SEARCH_PATHS = (
					"$(inherited)",
					"@executable_path/Frameworks",
					"@loader_path/Frameworks",
				);
				PRODUCT_BUNDLE_IDENTIFIER = "com.pasan.PASAN-PUNCHIHEWA-cobsccomp182p-033Tests";
				PRODUCT_NAME = "$(TARGET_NAME)";
				SWIFT_VERSION = 5.0;
				TARGETED_DEVICE_FAMILY = "1,2";
				TEST_HOST = "$(BUILT_PRODUCTS_DIR)/PASAN-PUNCHIHEWA-cobsccomp182p-033.app/PASAN-PUNCHIHEWA-cobsccomp182p-033";
			};
			name = Release;
		};
		7F6F463F23F7CCEE005D70F6 /* Debug */ = {
			isa = XCBuildConfiguration;
			baseConfigurationReference = 44CD0C3E5D369F2C068E7F59 /* Pods-PASAN-PUNCHIHEWA-cobsccomp182p-033-PASAN-PUNCHIHEWA-cobsccomp182p-033UITests.debug.xcconfig */;
			buildSettings = {
				ALWAYS_EMBED_SWIFT_STANDARD_LIBRARIES = YES;
				CODE_SIGN_STYLE = Automatic;
				INFOPLIST_FILE = "PASAN-PUNCHIHEWA-cobsccomp182p-033UITests/Info.plist";
				LD_RUNPATH_SEARCH_PATHS = (
					"$(inherited)",
					"@executable_path/Frameworks",
					"@loader_path/Frameworks",
				);
				PRODUCT_BUNDLE_IDENTIFIER = "com.pasan.PASAN-PUNCHIHEWA-cobsccomp182p-033UITests";
				PRODUCT_NAME = "$(TARGET_NAME)";
				SWIFT_VERSION = 5.0;
				TARGETED_DEVICE_FAMILY = "1,2";
				TEST_TARGET_NAME = "PASAN-PUNCHIHEWA-cobsccomp182p-033";
			};
			name = Debug;
		};
		7F6F464023F7CCEE005D70F6 /* Release */ = {
			isa = XCBuildConfiguration;
			baseConfigurationReference = 30288792165900EC29A1E240 /* Pods-PASAN-PUNCHIHEWA-cobsccomp182p-033-PASAN-PUNCHIHEWA-cobsccomp182p-033UITests.release.xcconfig */;
			buildSettings = {
				ALWAYS_EMBED_SWIFT_STANDARD_LIBRARIES = YES;
				CODE_SIGN_STYLE = Automatic;
				INFOPLIST_FILE = "PASAN-PUNCHIHEWA-cobsccomp182p-033UITests/Info.plist";
				LD_RUNPATH_SEARCH_PATHS = (
					"$(inherited)",
					"@executable_path/Frameworks",
					"@loader_path/Frameworks",
				);
				PRODUCT_BUNDLE_IDENTIFIER = "com.pasan.PASAN-PUNCHIHEWA-cobsccomp182p-033UITests";
				PRODUCT_NAME = "$(TARGET_NAME)";
				SWIFT_VERSION = 5.0;
				TARGETED_DEVICE_FAMILY = "1,2";
				TEST_TARGET_NAME = "PASAN-PUNCHIHEWA-cobsccomp182p-033";
			};
			name = Release;
		};
/* End XCBuildConfiguration section */

/* Begin XCConfigurationList section */
		7F6F460823F7CCEA005D70F6 /* Build configuration list for PBXProject "PASAN-PUNCHIHEWA-cobsccomp182p-033" */ = {
			isa = XCConfigurationList;
			buildConfigurations = (
				7F6F463623F7CCEE005D70F6 /* Debug */,
				7F6F463723F7CCEE005D70F6 /* Release */,
			);
			defaultConfigurationIsVisible = 0;
			defaultConfigurationName = Release;
		};
		7F6F463823F7CCEE005D70F6 /* Build configuration list for PBXNativeTarget "PASAN-PUNCHIHEWA-cobsccomp182p-033" */ = {
			isa = XCConfigurationList;
			buildConfigurations = (
				7F6F463923F7CCEE005D70F6 /* Debug */,
				7F6F463A23F7CCEE005D70F6 /* Release */,
			);
			defaultConfigurationIsVisible = 0;
			defaultConfigurationName = Release;
		};
		7F6F463B23F7CCEE005D70F6 /* Build configuration list for PBXNativeTarget "PASAN-PUNCHIHEWA-cobsccomp182p-033Tests" */ = {
			isa = XCConfigurationList;
			buildConfigurations = (
				7F6F463C23F7CCEE005D70F6 /* Debug */,
				7F6F463D23F7CCEE005D70F6 /* Release */,
			);
			defaultConfigurationIsVisible = 0;
			defaultConfigurationName = Release;
		};
		7F6F463E23F7CCEE005D70F6 /* Build configuration list for PBXNativeTarget "PASAN-PUNCHIHEWA-cobsccomp182p-033UITests" */ = {
			isa = XCConfigurationList;
			buildConfigurations = (
				7F6F463F23F7CCEE005D70F6 /* Debug */,
				7F6F464023F7CCEE005D70F6 /* Release */,
			);
			defaultConfigurationIsVisible = 0;
			defaultConfigurationName = Release;
		};
/* End XCConfigurationList section */

/* Begin XCVersionGroup section */
		7F6F461723F7CCEB005D70F6 /* PASAN_PUNCHIHEWA_cobsccomp182p_033.xcdatamodeld */ = {
			isa = XCVersionGroup;
			children = (
				7F6F461823F7CCEB005D70F6 /* PASAN_PUNCHIHEWA_cobsccomp182p_033.xcdatamodel */,
			);
			currentVersion = 7F6F461823F7CCEB005D70F6 /* PASAN_PUNCHIHEWA_cobsccomp182p_033.xcdatamodel */;
			path = PASAN_PUNCHIHEWA_cobsccomp182p_033.xcdatamodeld;
			sourceTree = "<group>";
			versionGroupType = wrapper.xcdatamodel;
		};
/* End XCVersionGroup section */
	};
	rootObject = 7F6F460523F7CCEA005D70F6 /* Project object */;
}
